Microsoft Visual Studio Solution File, Format Version 12.00
# Visual Studio Version 17
VisualStudioVersion = 17.5.2.0
MinimumVisualStudioVersion = 10.0.40219.1
Project("{FAE04EC0-301F-11D3-BF4B-00C04F79EFBC}") = "Hebras", "Hebras.csproj", "{7A3934A8-B8BE-697F-C63F-32DBBEAA6718}"
EndProject
Global
	GlobalSection(SolutionConfigurationPlatforms) = preSolution
		Debug|Any CPU = Debug|Any CPU
		Release|Any CPU = Release|Any CPU
	EndGlobalSection
	GlobalSection(ProjectConfigurationPlatforms) = postSolution
		{7A3934A8-B8BE-697F-C63F-32DBBEAA6718}.Debug|Any CPU.ActiveCfg = Debug|Any CPU
		{7A3934A8-B8BE-697F-C63F-32DBBEAA6718}.Debug|Any CPU.Build.0 = Debug|Any CPU
		{7A3934A8-B8BE-697F-C63F-32DBBEAA6718}.Release|Any CPU.ActiveCfg = Release|Any CPU
		{7A3934A8-B8BE-697F-C63F-32DBBEAA6718}.Release|Any CPU.Build.0 = Release|Any CPU
	EndGlobalSection
	GlobalSection(SolutionProperties) = preSolution
		HideSolutionNode = FALSE
	EndGlobalSection
	GlobalSection(ExtensibilityGlobals) = postSolution
		SolutionGuid = {261C1CC2-BF42-42CD-8134-1AD744015AD6}
	EndGlobalSection
EndGlobal
