
Microsoft Visual Studio Solution File, Format Version 12.00
# Visual Studio Version 17
VisualStudioVersion = 17.11.35222.181
MinimumVisualStudioVersion = 10.0.40219.1
Project("{9A19103F-16F7-4668-BE54-9A1E7A4F7556}") = "LibSueldos", "LibSueldos.csproj", "{A278FFFA-16CA-4723-A4A8-F1FA807FBE17}"
EndProject
Global
	GlobalSection(SolutionConfigurationPlatforms) = preSolution
		Debug|Any CPU = Debug|Any CPU
		Release|Any CPU = Release|Any CPU
	EndGlobalSection
	GlobalSection(ProjectConfigurationPlatforms) = postSolution
		{A278FFFA-16CA-4723-A4A8-F1FA807FBE17}.Debug|Any CPU.ActiveCfg = Debug|Any CPU
		{A278FFFA-16CA-4723-A4A8-F1FA807FBE17}.Debug|Any CPU.Build.0 = Debug|Any CPU
		{A278FFFA-16CA-4723-A4A8-F1FA807FBE17}.Release|Any CPU.ActiveCfg = Release|Any CPU
		{A278FFFA-16CA-4723-A4A8-F1FA807FBE17}.Release|Any CPU.Build.0 = Release|Any CPU
	EndGlobalSection
	GlobalSection(SolutionProperties) = preSolution
		HideSolutionNode = FALSE
	EndGlobalSection
	GlobalSection(ExtensibilityGlobals) = postSolution
		SolutionGuid = {63A1189B-F019-4468-846D-1A1CA50B2834}
	EndGlobalSection
EndGlobal
